
Microsoft Visual Studio Solution File, Format Version 12.00
Project("{FAE04EC0-301F-11D3-BF4B-00C04F79EFBC}") = "apbd-kol2-example", "apbd-kol2-example\apbd-kol2-example.csproj", "{DF0D0655-1F98-418F-89C0-B077D07A0379}"
EndProject
Global
	GlobalSection(SolutionConfigurationPlatforms) = preSolution
		Debug|Any CPU = Debug|Any CPU
		Release|Any CPU = Release|Any CPU
	EndGlobalSection
	GlobalSection(ProjectConfigurationPlatforms) = postSolution
		{DF0D0655-1F98-418F-89C0-B077D07A0379}.Debug|Any CPU.ActiveCfg = Debug|Any CPU
		{DF0D0655-1F98-418F-89C0-B077D07A0379}.Debug|Any CPU.Build.0 = Debug|Any CPU
		{DF0D0655-1F98-418F-89C0-B077D07A0379}.Release|Any CPU.ActiveCfg = Release|Any CPU
		{DF0D0655-1F98-418F-89C0-B077D07A0379}.Release|Any CPU.Build.0 = Release|Any CPU
	EndGlobalSection
EndGlobal
